
Microsoft Visual Studio Solution File, Format Version 12.00
# Visual Studio Version 17
VisualStudioVersion = 17.5.33627.172
MinimumVisualStudioVersion = 10.0.40219.1
Project("{FAE04EC0-301F-11D3-BF4B-00C04F79EFBC}") = "Lab4", "Lab4\Lab4.csproj", "{6E6DE91D-77B2-452F-A34B-F5EBAA1BE1E6}"
EndProject
Global
	GlobalSection(SolutionConfigurationPlatforms) = preSolution
		Debug|Any CPU = Debug|Any CPU
		Release|Any CPU = Release|Any CPU
	EndGlobalSection
	GlobalSection(ProjectConfigurationPlatforms) = postSolution
		{6E6DE91D-77B2-452F-A34B-F5EBAA1BE1E6}.Debug|Any CPU.ActiveCfg = Debug|Any CPU
		{6E6DE91D-77B2-452F-A34B-F5EBAA1BE1E6}.Debug|Any CPU.Build.0 = Debug|Any CPU
		{6E6DE91D-77B2-452F-A34B-F5EBAA1BE1E6}.Release|Any CPU.ActiveCfg = Release|Any CPU
		{6E6DE91D-77B2-452F-A34B-F5EBAA1BE1E6}.Release|Any CPU.Build.0 = Release|Any CPU
	EndGlobalSection
	GlobalSection(SolutionProperties) = preSolution
		HideSolutionNode = FALSE
	EndGlobalSection
	GlobalSection(ExtensibilityGlobals) = postSolution
		SolutionGuid = {741BA0EF-9DED-4CCC-8242-D7E1FD9C12E9}
	EndGlobalSection
EndGlobal
